
Microsoft Visual Studio Solution File, Format Version 12.00
# Visual Studio Version 16
VisualStudioVersion = 16.0.32228.343
MinimumVisualStudioVersion = 10.0.40219.1
Project("{FAE04EC0-301F-11D3-BF4B-00C04F79EFBC}") = "WpfApplication1", "WpfApplication1\WpfApplication1.csproj", "{01A15E59-C31A-43D3-BE1D-2A3F567078C5}"
	ProjectSection(ProjectDependencies) = postProject
		{A01A79A0-7BB6-468A-93CA-1765A4CD3936} = {A01A79A0-7BB6-468A-93CA-1765A4CD3936}
	EndProjectSection
EndProject
Project("{54435603-DBB4-11D2-8724-00A0C9A8B90C}") = "SetupSSKAmonitor", "SetupSSKAmonitor\SetupSSKAmonitor.vdproj", "{C465FE9C-16BA-4660-973D-403B7D955E29}"
EndProject
Project("{FAE04EC0-301F-11D3-BF4B-00C04F79EFBC}") = "SimpleSecurity", "SimpleSecurity\SimpleSecurity.csproj", "{F1E04FA3-F114-462F-BFF1-CC45ACE274A0}"
EndProject
Project("{9A19103F-16F7-4668-BE54-9A1E7A4F7556}") = "ConsTestCSV", "Categorization\ConsTestCSV\ConsTestCSV\ConsTestCSV.csproj", "{797DBFFE-E397-4DE0-9773-9F21BC8944E1}"
	ProjectSection(ProjectDependencies) = postProject
		{A01A79A0-7BB6-468A-93CA-1765A4CD3936} = {A01A79A0-7BB6-468A-93CA-1765A4CD3936}
	EndProjectSection
EndProject
Project("{2150E333-8FDC-42A3-9474-1A3956D46DE8}") = "Categorization", "Categorization", "{34FD69AD-0392-43E2-9B34-B6801CA65E17}"
	ProjectSection(SolutionItems) = preProject
		Categorization\Categorization.csv = Categorization\Categorization.csv
		Categorization\D3Dcompiler_47.dll = Categorization\D3Dcompiler_47.dll
		Categorization\libEGL.dll = Categorization\libEGL.dll
		Categorization\libGLESv2.dll = Categorization\libGLESv2.dll
		Categorization\MT940_Test_umsatz.csv = Categorization\MT940_Test_umsatz.csv
		Categorization\opengl32sw.dll = Categorization\opengl32sw.dll
		Categorization\Qt5Core.dll = Categorization\Qt5Core.dll
		Categorization\Qt5Gui.dll = Categorization\Qt5Gui.dll
		Categorization\Qt5Svg.dll = Categorization\Qt5Svg.dll
		Categorization\Qt5Widgets.dll = Categorization\Qt5Widgets.dll
		Categorization\QtClassifcatorSSKA.exe = Categorization\QtClassifcatorSSKA.exe
		Categorization\styles\qwindowsvistastyle.dll = Categorization\styles\qwindowsvistastyle.dll
		Categorization\testOutput.csv = Categorization\testOutput.csv
		Categorization\vc_redist.x64.exe = Categorization\vc_redist.x64.exe
	EndProjectSection
EndProject
Project("{FAE04EC0-301F-11D3-BF4B-00C04F79EFBC}") = "CategoryFormatter", "Categorization\CategoryFormatter\CategoryFormatter.csproj", "{A01A79A0-7BB6-468A-93CA-1765A4CD3936}"
EndProject
Project("{2150E333-8FDC-42A3-9474-1A3956D46DE8}") = "iconengines", "iconengines", "{6BBEF3CF-CF04-46EA-B6F2-7CB7984B9E12}"
	ProjectSection(SolutionItems) = preProject
		Categorization\iconengines\qsvgicon.dll = Categorization\iconengines\qsvgicon.dll
	EndProjectSection
EndProject
Project("{2150E333-8FDC-42A3-9474-1A3956D46DE8}") = "imageformats", "imageformats", "{9177711E-D35B-4136-8C87-6510FC890BDA}"
	ProjectSection(SolutionItems) = preProject
		Categorization\imageformats\qgif.dll = Categorization\imageformats\qgif.dll
		Categorization\imageformats\qicns.dll = Categorization\imageformats\qicns.dll
		Categorization\imageformats\qico.dll = Categorization\imageformats\qico.dll
		Categorization\imageformats\qjpeg.dll = Categorization\imageformats\qjpeg.dll
		Categorization\imageformats\qsvg.dll = Categorization\imageformats\qsvg.dll
		Categorization\imageformats\qtga.dll = Categorization\imageformats\qtga.dll
		Categorization\imageformats\qtiff.dll = Categorization\imageformats\qtiff.dll
		Categorization\imageformats\qwbmp.dll = Categorization\imageformats\qwbmp.dll
		Categorization\imageformats\qwebp.dll = Categorization\imageformats\qwebp.dll
	EndProjectSection
EndProject
Project("{2150E333-8FDC-42A3-9474-1A3956D46DE8}") = "platforms", "platforms", "{CBEC65BF-C063-41D4-8E24-EA52E8BDFC58}"
	ProjectSection(SolutionItems) = preProject
		Categorization\platforms\qwindows.dll = Categorization\platforms\qwindows.dll
	EndProjectSection
EndProject
Project("{2150E333-8FDC-42A3-9474-1A3956D46DE8}") = "styles", "styles", "{423B4986-E6DB-4417-BBDF-D1CA7A40A8D3}"
	ProjectSection(SolutionItems) = preProject
		Categorization\styles\qwindowsvistastyle.dll = Categorization\styles\qwindowsvistastyle.dll
	EndProjectSection
EndProject
Project("{2150E333-8FDC-42A3-9474-1A3956D46DE8}") = "translations", "translations", "{BE45CD7E-5493-4D22-AEC4-96ABED455684}"
	ProjectSection(SolutionItems) = preProject
		Categorization\translations\qt_ar.qm = Categorization\translations\qt_ar.qm
		Categorization\translations\qt_bg.qm = Categorization\translations\qt_bg.qm
		Categorization\translations\qt_ca.qm = Categorization\translations\qt_ca.qm
		Categorization\translations\qt_cs.qm = Categorization\translations\qt_cs.qm
		Categorization\translations\qt_da.qm = Categorization\translations\qt_da.qm
		Categorization\translations\qt_de.qm = Categorization\translations\qt_de.qm
		Categorization\translations\qt_en.qm = Categorization\translations\qt_en.qm
		Categorization\translations\qt_es.qm = Categorization\translations\qt_es.qm
		Categorization\translations\qt_fi.qm = Categorization\translations\qt_fi.qm
		Categorization\translations\qt_fr.qm = Categorization\translations\qt_fr.qm
		Categorization\translations\qt_gd.qm = Categorization\translations\qt_gd.qm
		Categorization\translations\qt_he.qm = Categorization\translations\qt_he.qm
		Categorization\translations\qt_hu.qm = Categorization\translations\qt_hu.qm
		Categorization\translations\qt_it.qm = Categorization\translations\qt_it.qm
		Categorization\translations\qt_ja.qm = Categorization\translations\qt_ja.qm
		Categorization\translations\qt_ko.qm = Categorization\translations\qt_ko.qm
		Categorization\translations\qt_lv.qm = Categorization\translations\qt_lv.qm
		Categorization\translations\qt_pl.qm = Categorization\translations\qt_pl.qm
		Categorization\translations\qt_ru.qm = Categorization\translations\qt_ru.qm
		Categorization\translations\qt_sk.qm = Categorization\translations\qt_sk.qm
		Categorization\translations\qt_tr.qm = Categorization\translations\qt_tr.qm
		Categorization\translations\qt_uk.qm = Categorization\translations\qt_uk.qm
		Categorization\translations\qt_zh_TW.qm = Categorization\translations\qt_zh_TW.qm
	EndProjectSection
EndProject
Global
	GlobalSection(SolutionConfigurationPlatforms) = preSolution
		Debug|Any CPU = Debug|Any CPU
		Release|Any CPU = Release|Any CPU
	EndGlobalSection
	GlobalSection(ProjectConfigurationPlatforms) = postSolution
		{01A15E59-C31A-43D3-BE1D-2A3F567078C5}.Debug|Any CPU.ActiveCfg = Debug|Any CPU
		{01A15E59-C31A-43D3-BE1D-2A3F567078C5}.Debug|Any CPU.Build.0 = Debug|Any CPU
		{01A15E59-C31A-43D3-BE1D-2A3F567078C5}.Release|Any CPU.ActiveCfg = Release|Any CPU
		{01A15E59-C31A-43D3-BE1D-2A3F567078C5}.Release|Any CPU.Build.0 = Release|Any CPU
		{C465FE9C-16BA-4660-973D-403B7D955E29}.Debug|Any CPU.ActiveCfg = Debug
		{C465FE9C-16BA-4660-973D-403B7D955E29}.Debug|Any CPU.Build.0 = Debug
		{C465FE9C-16BA-4660-973D-403B7D955E29}.Release|Any CPU.ActiveCfg = Release
		{C465FE9C-16BA-4660-973D-403B7D955E29}.Release|Any CPU.Build.0 = Release
		{F1E04FA3-F114-462F-BFF1-CC45ACE274A0}.Debug|Any CPU.ActiveCfg = Debug|Any CPU
		{F1E04FA3-F114-462F-BFF1-CC45ACE274A0}.Debug|Any CPU.Build.0 = Debug|Any CPU
		{F1E04FA3-F114-462F-BFF1-CC45ACE274A0}.Release|Any CPU.ActiveCfg = Release|Any CPU
		{F1E04FA3-F114-462F-BFF1-CC45ACE274A0}.Release|Any CPU.Build.0 = Release|Any CPU
		{797DBFFE-E397-4DE0-9773-9F21BC8944E1}.Debug|Any CPU.ActiveCfg = Debug|Any CPU
		{797DBFFE-E397-4DE0-9773-9F21BC8944E1}.Debug|Any CPU.Build.0 = Debug|Any CPU
		{797DBFFE-E397-4DE0-9773-9F21BC8944E1}.Release|Any CPU.ActiveCfg = Release|Any CPU
		{797DBFFE-E397-4DE0-9773-9F21BC8944E1}.Release|Any CPU.Build.0 = Release|Any CPU
		{A01A79A0-7BB6-468A-93CA-1765A4CD3936}.Debug|Any CPU.ActiveCfg = Debug|Any CPU
		{A01A79A0-7BB6-468A-93CA-1765A4CD3936}.Debug|Any CPU.Build.0 = Debug|Any CPU
		{A01A79A0-7BB6-468A-93CA-1765A4CD3936}.Release|Any CPU.ActiveCfg = Release|Any CPU
		{A01A79A0-7BB6-468A-93CA-1765A4CD3936}.Release|Any CPU.Build.0 = Release|Any CPU
	EndGlobalSection
	GlobalSection(SolutionProperties) = preSolution
		HideSolutionNode = FALSE
	EndGlobalSection
	GlobalSection(NestedProjects) = preSolution
		{A01A79A0-7BB6-468A-93CA-1765A4CD3936} = {34FD69AD-0392-43E2-9B34-B6801CA65E17}
		{6BBEF3CF-CF04-46EA-B6F2-7CB7984B9E12} = {34FD69AD-0392-43E2-9B34-B6801CA65E17}
		{9177711E-D35B-4136-8C87-6510FC890BDA} = {34FD69AD-0392-43E2-9B34-B6801CA65E17}
		{CBEC65BF-C063-41D4-8E24-EA52E8BDFC58} = {34FD69AD-0392-43E2-9B34-B6801CA65E17}
		{423B4986-E6DB-4417-BBDF-D1CA7A40A8D3} = {34FD69AD-0392-43E2-9B34-B6801CA65E17}
		{BE45CD7E-5493-4D22-AEC4-96ABED455684} = {34FD69AD-0392-43E2-9B34-B6801CA65E17}
	EndGlobalSection
	GlobalSection(ExtensibilityGlobals) = postSolution
		SolutionGuid = {14BA3560-D646-4E77-AC3A-EE29368CE4C7}
	EndGlobalSection
EndGlobal
