
Microsoft Visual Studio Solution File, Format Version 12.00
# Visual Studio Version 16
VisualStudioVersion = 16.0.32228.343
MinimumVisualStudioVersion = 10.0.40219.1
Project("{9A19103F-16F7-4668-BE54-9A1E7A4F7556}") = "Categ4CSVSparkasse", "Categ4CSVSparkasse\Categ4CSVSparkasse.csproj", "{A2480B61-F2F5-40A2-8857-EE803F1877B1}"
EndProject
Project("{9A19103F-16F7-4668-BE54-9A1E7A4F7556}") = "ConsTestCSV", "..\ConsTestCSV\ConsTestCSV\ConsTestCSV.csproj", "{4F46BDCE-9BF8-438E-B73B-D82C2448CCA1}"
EndProject
Global
	GlobalSection(SolutionConfigurationPlatforms) = preSolution
		Debug|Any CPU = Debug|Any CPU
		Release|Any CPU = Release|Any CPU
	EndGlobalSection
	GlobalSection(ProjectConfigurationPlatforms) = postSolution
		{A2480B61-F2F5-40A2-8857-EE803F1877B1}.Debug|Any CPU.ActiveCfg = Debug|Any CPU
		{A2480B61-F2F5-40A2-8857-EE803F1877B1}.Debug|Any CPU.Build.0 = Debug|Any CPU
		{A2480B61-F2F5-40A2-8857-EE803F1877B1}.Release|Any CPU.ActiveCfg = Release|Any CPU
		{A2480B61-F2F5-40A2-8857-EE803F1877B1}.Release|Any CPU.Build.0 = Release|Any CPU
		{4F46BDCE-9BF8-438E-B73B-D82C2448CCA1}.Debug|Any CPU.ActiveCfg = Debug|Any CPU
		{4F46BDCE-9BF8-438E-B73B-D82C2448CCA1}.Debug|Any CPU.Build.0 = Debug|Any CPU
		{4F46BDCE-9BF8-438E-B73B-D82C2448CCA1}.Release|Any CPU.ActiveCfg = Release|Any CPU
		{4F46BDCE-9BF8-438E-B73B-D82C2448CCA1}.Release|Any CPU.Build.0 = Release|Any CPU
	EndGlobalSection
	GlobalSection(SolutionProperties) = preSolution
		HideSolutionNode = FALSE
	EndGlobalSection
	GlobalSection(ExtensibilityGlobals) = postSolution
		SolutionGuid = {05F40B2F-BF8B-4959-A0EA-3A9F9927C647}
	EndGlobalSection
EndGlobal
